
Microsoft Visual Studio Solution File, Format Version 12.00
# Visual Studio Version 16
VisualStudioVersion = 16.0.33927.289
MinimumVisualStudioVersion = 10.0.40219.1
Project("{FAE04EC0-301F-11D3-BF4B-00C04F79EFBC}") = "WORKING_WITH_STRINGS", "WORKING_WITH_STRINGS.csproj", "{06322479-12F9-48B4-A10F-CD3A5450E780}"
EndProject
Global
	GlobalSection(SolutionConfigurationPlatforms) = preSolution
		Debug|Any CPU = Debug|Any CPU
		Release|Any CPU = Release|Any CPU
	EndGlobalSection
	GlobalSection(ProjectConfigurationPlatforms) = postSolution
		{06322479-12F9-48B4-A10F-CD3A5450E780}.Debug|Any CPU.ActiveCfg = Debug|Any CPU
		{06322479-12F9-48B4-A10F-CD3A5450E780}.Debug|Any CPU.Build.0 = Debug|Any CPU
		{06322479-12F9-48B4-A10F-CD3A5450E780}.Release|Any CPU.ActiveCfg = Release|Any CPU
		{06322479-12F9-48B4-A10F-CD3A5450E780}.Release|Any CPU.Build.0 = Release|Any CPU
	EndGlobalSection
	GlobalSection(SolutionProperties) = preSolution
		HideSolutionNode = FALSE
	EndGlobalSection
	GlobalSection(ExtensibilityGlobals) = postSolution
		SolutionGuid = {275259BB-B76C-4841-AC51-3286FF736FFC}
	EndGlobalSection
EndGlobal
